# This file is generated by running "yarn install" inside your project.
# Manual changes might be lost - proceed with caution!

__metadata:
  version: 8
  cacheKey: 10c0

"@apidevtools/json-schema-ref-parser@npm:^11.5.5":
  version: 11.9.3
  resolution: "@apidevtools/json-schema-ref-parser@npm:11.9.3"
  dependencies:
    "@jsdevtools/ono": "npm:^7.1.3"
    "@types/json-schema": "npm:^7.0.15"
    js-yaml: "npm:^4.1.0"
  checksum: 10c0/5745813b3d964279f387677b7a903ba6634cdeaf879ff3a331a694392cbc923763f398506df190be114f2574b8b570baab3e367c2194bb35f50147ff6cf27d7a
  languageName: node
  linkType: hard

"@jsdevtools/ono@npm:^7.1.3":
  version: 7.1.3
  resolution: "@jsdevtools/ono@npm:7.1.3"
  checksum: 10c0/a9f7e3e8e3bc315a34959934a5e2f874c423cf4eae64377d3fc9de0400ed9f36cb5fd5ebce3300d2e8f4085f557c4a8b591427a583729a87841fda46e6c216b9
  languageName: node
  linkType: hard

"@types/json-schema@npm:^7.0.15":
  version: 7.0.15
  resolution: "@types/json-schema@npm:7.0.15"
  checksum: 10c0/a996a745e6c5d60292f36731dd41341339d4eeed8180bb09226e5c8d23759067692b1d88e5d91d72ee83dfc00d3aca8e7bd43ea120516c17922cbcb7c3e252db
  languageName: node
  linkType: hard

"@types/lodash@npm:^4.17.7":
  version: 4.17.23
  resolution: "@types/lodash@npm:4.17.23"
  checksum: 10c0/9d9cbfb684e064a2b78aab9e220d398c9c2a7d36bc51a07b184ff382fa043a99b3d00c16c7f109b4eb8614118f4869678dbae7d5c6700ed16fb9340e26cc0bf6
  languageName: node
  linkType: hard

"ajv@npm:^8.18.0":
  version: 8.18.0
  resolution: "ajv@npm:8.18.0"
  dependencies:
    fast-deep-equal: "npm:^3.1.3"
    fast-uri: "npm:^3.0.1"
    json-schema-traverse: "npm:^1.0.0"
    require-from-string: "npm:^2.0.2"
  checksum: 10c0/e7517c426173513a07391be951879932bdf3348feaebd2199f5b901c20f99d60db8cd1591502d4d551dc82f594e82a05c4fe1c70139b15b8937f7afeaed9532f
  languageName: node
  linkType: hard

"argparse@npm:^2.0.1":
  version: 2.0.1
  resolution: "argparse@npm:2.0.1"
  checksum: 10c0/c5640c2d89045371c7cedd6a70212a04e360fd34d6edeae32f6952c63949e3525ea77dbec0289d8213a99bbaeab5abfa860b5c12cf88a2e6cf8106e90dd27a7e
  languageName: node
  linkType: hard

"fast-deep-equal@npm:^3.1.3":
  version: 3.1.3
  resolution: "fast-deep-equal@npm:3.1.3"
  checksum: 10c0/40dedc862eb8992c54579c66d914635afbec43350afbbe991235fdcb4e3a8d5af1b23ae7e79bef7d4882d0ecee06c3197488026998fb19f72dc95acff1d1b1d0
  languageName: node
  linkType: hard

"fast-uri@npm:^3.0.1":
  version: 3.1.0
  resolution: "fast-uri@npm:3.1.0"
  checksum: 10c0/44364adca566f70f40d1e9b772c923138d47efeac2ae9732a872baafd77061f26b097ba2f68f0892885ad177becd065520412b8ffeec34b16c99433c5b9e2de7
  languageName: node
  linkType: hard

"fdir@npm:^6.5.0":
  version: 6.5.0
  resolution: "fdir@npm:6.5.0"
  peerDependencies:
    picomatch: ^3 || ^4
  peerDependenciesMeta:
    picomatch:
      optional: true
  checksum: 10c0/e345083c4306b3aed6cb8ec551e26c36bab5c511e99ea4576a16750ddc8d3240e63826cc624f5ae17ad4dc82e68a253213b60d556c11bfad064b7607847ed07f
  languageName: node
  linkType: hard

"js-yaml@npm:^4.1.0":
  version: 4.1.0
  resolution: "js-yaml@npm:4.1.0"
  dependencies:
    argparse: "npm:^2.0.1"
  bin:
    js-yaml: bin/js-yaml.js
  checksum: 10c0/184a24b4eaacfce40ad9074c64fd42ac83cf74d8c8cd137718d456ced75051229e5061b8633c3366b8aada17945a7a356b337828c19da92b51ae62126575018f
  languageName: node
  linkType: hard

"json-schema-to-typescript@bcaudan/json-schema-to-typescript#bcaudan/add-readonly-support":
  version: 15.0.3
  resolution: "json-schema-to-typescript@https://github.com/bcaudan/json-schema-to-typescript.git#commit=406ce54242635f4a0181bd573a3cbc896707e4cc"
  dependencies:
    "@apidevtools/json-schema-ref-parser": "npm:^11.5.5"
    "@types/json-schema": "npm:^7.0.15"
    "@types/lodash": "npm:^4.17.7"
    js-yaml: "npm:^4.1.0"
    lodash: "npm:^4.17.21"
    minimist: "npm:^1.2.8"
    prettier: "npm:^3.2.5"
    tinyglobby: "npm:^0.2.9"
  bin:
    json2ts: dist/src/cli.js
  checksum: 10c0/01d320201945384d1bc505ae510f68df683564d0f42930d7c5cf228b4e687efae2728a3861dfb207e3b1fd414d2dd34611aed452af6d714b44d4f5f58a95da09
  languageName: node
  linkType: hard

"json-schema-traverse@npm:^1.0.0":
  version: 1.0.0
  resolution: "json-schema-traverse@npm:1.0.0"
  checksum: 10c0/71e30015d7f3d6dc1c316d6298047c8ef98a06d31ad064919976583eb61e1018a60a0067338f0f79cabc00d84af3fcc489bd48ce8a46ea165d9541ba17fb30c6
  languageName: node
  linkType: hard

"lodash@npm:^4.17.21":
  version: 4.17.21
  resolution: "lodash@npm:4.17.21"
  checksum: 10c0/d8cbea072bb08655bb4c989da418994b073a608dffa608b09ac04b43a791b12aeae7cd7ad919aa4c925f33b48490b5cfe6c1f71d827956071dae2e7bb3a6b74c
  languageName: node
  linkType: hard

"minimist@npm:^1.2.8":
  version: 1.2.8
  resolution: "minimist@npm:1.2.8"
  checksum: 10c0/19d3fcdca050087b84c2029841a093691a91259a47def2f18222f41e7645a0b7c44ef4b40e88a1e58a40c84d2ef0ee6047c55594d298146d0eb3f6b737c20ce6
  languageName: node
  linkType: hard

"picomatch@npm:^4.0.3":
  version: 4.0.3
  resolution: "picomatch@npm:4.0.3"
  checksum: 10c0/9582c951e95eebee5434f59e426cddd228a7b97a0161a375aed4be244bd3fe8e3a31b846808ea14ef2c8a2527a6eeab7b3946a67d5979e81694654f939473ae2
  languageName: node
  linkType: hard

"prettier@npm:^3.2.5, prettier@npm:^3.8.1":
  version: 3.8.1
  resolution: "prettier@npm:3.8.1"
  bin:
    prettier: bin/prettier.cjs
  checksum: 10c0/33169b594009e48f570471271be7eac7cdcf88a209eed39ac3b8d6d78984039bfa9132f82b7e6ba3b06711f3bfe0222a62a1bfb87c43f50c25a83df1b78a2c42
  languageName: node
  linkType: hard

"require-from-string@npm:^2.0.2":
  version: 2.0.2
  resolution: "require-from-string@npm:2.0.2"
  checksum: 10c0/aaa267e0c5b022fc5fd4eef49d8285086b15f2a1c54b28240fdf03599cbd9c26049fee3eab894f2e1f6ca65e513b030a7c264201e3f005601e80c49fb2937ce2
  languageName: node
  linkType: hard

"root-workspace-0b6124@workspace:.":
  version: 0.0.0-use.local
  resolution: "root-workspace-0b6124@workspace:."
  dependencies:
    ajv: "npm:^8.18.0"
    json-schema-to-typescript: "bcaudan/json-schema-to-typescript#bcaudan/add-readonly-support"
    prettier: "npm:^3.8.1"
    typescript: "npm:^6.0.3"
  languageName: unknown
  linkType: soft

"rum-events-format@workspace:lib":
  version: 0.0.0-use.local
  resolution: "rum-events-format@workspace:lib"
  languageName: unknown
  linkType: soft

"tinyglobby@npm:^0.2.9":
  version: 0.2.15
  resolution: "tinyglobby@npm:0.2.15"
  dependencies:
    fdir: "npm:^6.5.0"
    picomatch: "npm:^4.0.3"
  checksum: 10c0/869c31490d0d88eedb8305d178d4c75e7463e820df5a9b9d388291daf93e8b1eb5de1dad1c1e139767e4269fe75f3b10d5009b2cc14db96ff98986920a186844
  languageName: node
  linkType: hard

"typescript@npm:^6.0.3":
  version: 6.0.3
  resolution: "typescript@npm:6.0.3"
  bin:
    tsc: bin/tsc
    tsserver: bin/tsserver
  checksum: 10c0/4a25ff5045b984370f48f196b3a0120779b1b343d40b9a68d114ea5e5fff099809b2bb777576991a63a5cd59cf7bffd96ff6fe10afcefbcb8bd6fb96ad4b6606
  languageName: node
  linkType: hard

"typescript@patch:typescript@npm%3A^6.0.3#optional!builtin<compat/typescript>":
  version: 6.0.3
  resolution: "typescript@patch:typescript@npm%3A6.0.3#optional!builtin<compat/typescript>::version=6.0.3&hash=5786d5"
  bin:
    tsc: bin/tsc
    tsserver: bin/tsserver
  checksum: 10c0/2f25c74e65663c248fa1ade2b8459d9ce5372ff9dad07067310f132966ebec1d93f6c42f0baf77a6b6a7a91460463f708e6887013aaade22111037457c6b25df
  languageName: node
  linkType: hard
