# This file is generated by running "yarn install" inside your project.
# Manual changes might be lost - proceed with caution!

__metadata:
  version: 8
  cacheKey: 10c0

"@apidevtools/json-schema-ref-parser@https://github.com/bcherny/json-schema-ref-parser.git#984282d34a2993e5243aa35100fe32a63699164d":
  version: 0.0.0-dev
  resolution: "@apidevtools/json-schema-ref-parser@https://github.com/bcherny/json-schema-ref-parser.git#commit=984282d34a2993e5243aa35100fe32a63699164d"
  dependencies:
    "@jsdevtools/ono": "npm:^7.1.3"
    "@types/json-schema": "npm:^7.0.6"
    call-me-maybe: "npm:^1.0.1"
    js-yaml: "npm:^4.1.0"
  checksum: 10c0/271ed2f2da77ac6bbe9041951d2065243292038310aa74ef5e80b843698f74d374f07e73d532fb12554ec4ac297886f2ea4b0e3f33699c4a4f74ec0b1f6b1fb9
  languageName: node
  linkType: hard

"@jsdevtools/ono@npm:^7.1.3":
  version: 7.1.3
  resolution: "@jsdevtools/ono@npm:7.1.3"
  checksum: 10c0/a9f7e3e8e3bc315a34959934a5e2f874c423cf4eae64377d3fc9de0400ed9f36cb5fd5ebce3300d2e8f4085f557c4a8b591427a583729a87841fda46e6c216b9
  languageName: node
  linkType: hard

"@types/glob@npm:^7.1.3":
  version: 7.2.0
  resolution: "@types/glob@npm:7.2.0"
  dependencies:
    "@types/minimatch": "npm:*"
    "@types/node": "npm:*"
  checksum: 10c0/a8eb5d5cb5c48fc58c7ca3ff1e1ddf771ee07ca5043da6e4871e6757b4472e2e73b4cfef2644c38983174a4bc728c73f8da02845c28a1212f98cabd293ecae98
  languageName: node
  linkType: hard

"@types/json-schema@npm:^7.0.11, @types/json-schema@npm:^7.0.6":
  version: 7.0.11
  resolution: "@types/json-schema@npm:7.0.11"
  checksum: 10c0/bd1f9a7b898ff15c4bb494eb19124f2d688b804c39f07cbf135ac73f35324970e9e8329b72aae1fb543d925ea295a1568b23056c26658cecec4741fa28c3b81a
  languageName: node
  linkType: hard

"@types/lodash@npm:^4.14.182":
  version: 4.14.182
  resolution: "@types/lodash@npm:4.14.182"
  checksum: 10c0/d6bd4789dfb3be631d5e3277e6a1be5becb21440f3364f5d15b982c2e6b6bb1f8048d46fc5bff5ef0f90bebaf4d07c49b2919ba369d07af72d3beb3fea70c61a
  languageName: node
  linkType: hard

"@types/minimatch@npm:*":
  version: 3.0.5
  resolution: "@types/minimatch@npm:3.0.5"
  checksum: 10c0/a1a19ba342d6f39b569510f621ae4bbe972dc9378d15e9a5e47904c440ee60744f5b09225bc73be1c6490e3a9c938eee69eb53debf55ce1f15761201aa965f97
  languageName: node
  linkType: hard

"@types/node@npm:*":
  version: 18.6.1
  resolution: "@types/node@npm:18.6.1"
  checksum: 10c0/7cce19965181ff92218740174e1f143ddfc6f2582d6b4e55bf2c078a96bb978115b435ca9bfcb1d4ad4c30df0b1696b6621f9d47735f484b8e97b71aec1be358
  languageName: node
  linkType: hard

"@types/prettier@npm:^2.6.1":
  version: 2.6.4
  resolution: "@types/prettier@npm:2.6.4"
  checksum: 10c0/ef791b0cae0ddbf3ae1ec92e1e2b721d01663874658aacfaf4719a85b20e6cb4e6373a91e7b932e4a26232e2fbe5be45593fd1b4a4d29dbd05bb995188b63b67
  languageName: node
  linkType: hard

"ajv@npm:8.11.0":
  version: 8.11.0
  resolution: "ajv@npm:8.11.0"
  dependencies:
    fast-deep-equal: "npm:^3.1.1"
    json-schema-traverse: "npm:^1.0.0"
    require-from-string: "npm:^2.0.2"
    uri-js: "npm:^4.2.2"
  checksum: 10c0/8a4b1b639a53d52169b94dd1cdd03716fe7bbc1fc676006957ba82497e764f4bd44b92f75e37c8804ea3176ee3c224322e22779d071fb01cd89aefaaa42c9414
  languageName: node
  linkType: hard

"any-promise@npm:^1.0.0":
  version: 1.3.0
  resolution: "any-promise@npm:1.3.0"
  checksum: 10c0/60f0298ed34c74fef50daab88e8dab786036ed5a7fad02e012ab57e376e0a0b4b29e83b95ea9b5e7d89df762f5f25119b83e00706ecaccb22cfbacee98d74889
  languageName: node
  linkType: hard

"argparse@npm:^2.0.1":
  version: 2.0.1
  resolution: "argparse@npm:2.0.1"
  checksum: 10c0/c5640c2d89045371c7cedd6a70212a04e360fd34d6edeae32f6952c63949e3525ea77dbec0289d8213a99bbaeab5abfa860b5c12cf88a2e6cf8106e90dd27a7e
  languageName: node
  linkType: hard

"balanced-match@npm:^1.0.0":
  version: 1.0.2
  resolution: "balanced-match@npm:1.0.2"
  checksum: 10c0/9308baf0a7e4838a82bbfd11e01b1cb0f0cf2893bc1676c27c2a8c0e70cbae1c59120c3268517a8ae7fb6376b4639ef81ca22582611dbee4ed28df945134aaee
  languageName: node
  linkType: hard

"brace-expansion@npm:^1.1.7":
  version: 1.1.11
  resolution: "brace-expansion@npm:1.1.11"
  dependencies:
    balanced-match: "npm:^1.0.0"
    concat-map: "npm:0.0.1"
  checksum: 10c0/695a56cd058096a7cb71fb09d9d6a7070113c7be516699ed361317aca2ec169f618e28b8af352e02ab4233fb54eb0168460a40dc320bab0034b36ab59aaad668
  languageName: node
  linkType: hard

"call-me-maybe@npm:^1.0.1":
  version: 1.0.1
  resolution: "call-me-maybe@npm:1.0.1"
  checksum: 10c0/551991433adc2d257d24a5dea5049addc75b182cc7f64860d41bb5ec2c2f1f72efcd6f34be475e70bbb62fde9f9ba380c1a52c922daf2b4111f25fee2509550f
  languageName: node
  linkType: hard

"cli-color@npm:^2.0.2":
  version: 2.0.3
  resolution: "cli-color@npm:2.0.3"
  dependencies:
    d: "npm:^1.0.1"
    es5-ext: "npm:^0.10.61"
    es6-iterator: "npm:^2.0.3"
    memoizee: "npm:^0.4.15"
    timers-ext: "npm:^0.1.7"
  checksum: 10c0/9a14c2dbb352cee99e93f27ab6f105b55a57fa48b0704d39091df5ec155766e5a66a53c5384434d3dcaaab9f9258cb12d20eabbc9c39ec5f61034a681c449fc6
  languageName: node
  linkType: hard

"concat-map@npm:0.0.1":
  version: 0.0.1
  resolution: "concat-map@npm:0.0.1"
  checksum: 10c0/c996b1cfdf95b6c90fee4dae37e332c8b6eb7d106430c17d538034c0ad9a1630cb194d2ab37293b1bdd4d779494beee7786d586a50bd9376fd6f7bcc2bd4c98f
  languageName: node
  linkType: hard

"d@npm:1, d@npm:^1.0.1":
  version: 1.0.1
  resolution: "d@npm:1.0.1"
  dependencies:
    es5-ext: "npm:^0.10.50"
    type: "npm:^1.0.1"
  checksum: 10c0/1fedcb3b956a461f64d86b94b347441beff5cef8910b6ac4ec509a2c67eeaa7093660a98b26601ac91f91260238add73bdf25867a9c0cb783774642bc4c1523f
  languageName: node
  linkType: hard

"es5-ext@npm:^0.10.35, es5-ext@npm:^0.10.46, es5-ext@npm:^0.10.50, es5-ext@npm:^0.10.53, es5-ext@npm:^0.10.61, es5-ext@npm:~0.10.14, es5-ext@npm:~0.10.2, es5-ext@npm:~0.10.46":
  version: 0.10.61
  resolution: "es5-ext@npm:0.10.61"
  dependencies:
    es6-iterator: "npm:^2.0.3"
    es6-symbol: "npm:^3.1.3"
    next-tick: "npm:^1.1.0"
  checksum: 10c0/fceee484bbf3d7b064b8b3b9ad9095fa64e8736de322f8b48abd162f215bdd503390a3bb8c3cdeebae619825111f7eff83e1e4400fe232733da027ade8e1823e
  languageName: node
  linkType: hard

"es6-iterator@npm:^2.0.3":
  version: 2.0.3
  resolution: "es6-iterator@npm:2.0.3"
  dependencies:
    d: "npm:1"
    es5-ext: "npm:^0.10.35"
    es6-symbol: "npm:^3.1.1"
  checksum: 10c0/91f20b799dba28fb05bf623c31857fc1524a0f1c444903beccaf8929ad196c8c9ded233e5ac7214fc63a92b3f25b64b7f2737fcca8b1f92d2d96cf3ac902f5d8
  languageName: node
  linkType: hard

"es6-symbol@npm:^3.1.1, es6-symbol@npm:^3.1.3":
  version: 3.1.3
  resolution: "es6-symbol@npm:3.1.3"
  dependencies:
    d: "npm:^1.0.1"
    ext: "npm:^1.1.2"
  checksum: 10c0/22982f815f00df553a89f4fb74c5048fed85df598482b4bd38dbd173174247949c72982a7d7132a58b147525398400e5f182db59b0916cb49f1e245fb0e22233
  languageName: node
  linkType: hard

"es6-weak-map@npm:^2.0.3":
  version: 2.0.3
  resolution: "es6-weak-map@npm:2.0.3"
  dependencies:
    d: "npm:1"
    es5-ext: "npm:^0.10.46"
    es6-iterator: "npm:^2.0.3"
    es6-symbol: "npm:^3.1.1"
  checksum: 10c0/460932be9542473dbbddd183e21c15a66cfec1b2c17dae2b514e190d6fb2896b7eb683783d4b36da036609d2e1c93d2815f21b374dfccaf02a8978694c2f7b67
  languageName: node
  linkType: hard

"event-emitter@npm:^0.3.5":
  version: 0.3.5
  resolution: "event-emitter@npm:0.3.5"
  dependencies:
    d: "npm:1"
    es5-ext: "npm:~0.10.14"
  checksum: 10c0/75082fa8ffb3929766d0f0a063bfd6046bd2a80bea2666ebaa0cfd6f4a9116be6647c15667bea77222afc12f5b4071b68d393cf39fdaa0e8e81eda006160aff0
  languageName: node
  linkType: hard

"ext@npm:^1.1.2":
  version: 1.6.0
  resolution: "ext@npm:1.6.0"
  dependencies:
    type: "npm:^2.5.0"
  checksum: 10c0/d6ff29ca86fbe4e69743d10702ece124e0239faa435a6c3b2833282787b9eace2c8cbf5d8439d0c85312255d5472d251bf3cd4c4d1b9de8f8a8090e6b43db948
  languageName: node
  linkType: hard

"fast-deep-equal@npm:^3.1.1":
  version: 3.1.3
  resolution: "fast-deep-equal@npm:3.1.3"
  checksum: 10c0/40dedc862eb8992c54579c66d914635afbec43350afbbe991235fdcb4e3a8d5af1b23ae7e79bef7d4882d0ecee06c3197488026998fb19f72dc95acff1d1b1d0
  languageName: node
  linkType: hard

"fs.realpath@npm:^1.0.0":
  version: 1.0.0
  resolution: "fs.realpath@npm:1.0.0"
  checksum: 10c0/444cf1291d997165dfd4c0d58b69f0e4782bfd9149fd72faa4fe299e68e0e93d6db941660b37dd29153bf7186672ececa3b50b7e7249477b03fdf850f287c948
  languageName: node
  linkType: hard

"get-stdin@npm:^8.0.0":
  version: 8.0.0
  resolution: "get-stdin@npm:8.0.0"
  checksum: 10c0/b71b72b83928221052f713b3b6247ebf1ceaeb4ef76937778557537fd51ad3f586c9e6a7476865022d9394b39b74eed1dc7514052fa74d80625276253571b76f
  languageName: node
  linkType: hard

"glob-promise@npm:^4.2.2":
  version: 4.2.2
  resolution: "glob-promise@npm:4.2.2"
  dependencies:
    "@types/glob": "npm:^7.1.3"
  peerDependencies:
    glob: ^7.1.6
  checksum: 10c0/3eb01bed2901539365df6a4d27800afb8788840647d01f9bf3500b3de756597f2ff4b8c823971ace34db228c83159beca459dc42a70968d4e9c8200ed2cc96bd
  languageName: node
  linkType: hard

"glob@npm:^7.1.6":
  version: 7.2.3
  resolution: "glob@npm:7.2.3"
  dependencies:
    fs.realpath: "npm:^1.0.0"
    inflight: "npm:^1.0.4"
    inherits: "npm:2"
    minimatch: "npm:^3.1.1"
    once: "npm:^1.3.0"
    path-is-absolute: "npm:^1.0.0"
  checksum: 10c0/65676153e2b0c9095100fe7f25a778bf45608eeb32c6048cf307f579649bcc30353277b3b898a3792602c65764e5baa4f643714dfbdfd64ea271d210c7a425fe
  languageName: node
  linkType: hard

"inflight@npm:^1.0.4":
  version: 1.0.6
  resolution: "inflight@npm:1.0.6"
  dependencies:
    once: "npm:^1.3.0"
    wrappy: "npm:1"
  checksum: 10c0/7faca22584600a9dc5b9fca2cd5feb7135ac8c935449837b315676b4c90aa4f391ec4f42240178244b5a34e8bede1948627fda392ca3191522fc46b34e985ab2
  languageName: node
  linkType: hard

"inherits@npm:2":
  version: 2.0.4
  resolution: "inherits@npm:2.0.4"
  checksum: 10c0/4e531f648b29039fb7426fb94075e6545faa1eb9fe83c29f0b6d9e7263aceb4289d2d4557db0d428188eeb449cc7c5e77b0a0b2c4e248ff2a65933a0dee49ef2
  languageName: node
  linkType: hard

"is-extglob@npm:^2.1.1":
  version: 2.1.1
  resolution: "is-extglob@npm:2.1.1"
  checksum: 10c0/5487da35691fbc339700bbb2730430b07777a3c21b9ebaecb3072512dfd7b4ba78ac2381a87e8d78d20ea08affb3f1971b4af629173a6bf435ff8a4c47747912
  languageName: node
  linkType: hard

"is-glob@npm:^4.0.3":
  version: 4.0.3
  resolution: "is-glob@npm:4.0.3"
  dependencies:
    is-extglob: "npm:^2.1.1"
  checksum: 10c0/17fb4014e22be3bbecea9b2e3a76e9e34ff645466be702f1693e8f1ee1adac84710d0be0bd9f967d6354036fd51ab7c2741d954d6e91dae6bb69714de92c197a
  languageName: node
  linkType: hard

"is-promise@npm:^2.2.2":
  version: 2.2.2
  resolution: "is-promise@npm:2.2.2"
  checksum: 10c0/2dba959812380e45b3df0fb12e7cb4d4528c989c7abb03ececb1d1fd6ab1cbfee956ca9daa587b9db1d8ac3c1e5738cf217bdb3dfd99df8c691be4c00ae09069
  languageName: node
  linkType: hard

"js-yaml@npm:^4.1.0":
  version: 4.1.0
  resolution: "js-yaml@npm:4.1.0"
  dependencies:
    argparse: "npm:^2.0.1"
  bin:
    js-yaml: bin/js-yaml.js
  checksum: 10c0/184a24b4eaacfce40ad9074c64fd42ac83cf74d8c8cd137718d456ced75051229e5061b8633c3366b8aada17945a7a356b337828c19da92b51ae62126575018f
  languageName: node
  linkType: hard

"json-schema-to-typescript@bcaudan/json-schema-to-typescript#bcaudan/add-readonly-support":
  version: 11.0.1
  resolution: "json-schema-to-typescript@https://github.com/bcaudan/json-schema-to-typescript.git#commit=ff8616a2dd2dd9f370b3bcab5ec5522a32c31429"
  dependencies:
    "@apidevtools/json-schema-ref-parser": "https://github.com/bcherny/json-schema-ref-parser.git#984282d34a2993e5243aa35100fe32a63699164d"
    "@types/json-schema": "npm:^7.0.11"
    "@types/lodash": "npm:^4.14.182"
    "@types/prettier": "npm:^2.6.1"
    cli-color: "npm:^2.0.2"
    get-stdin: "npm:^8.0.0"
    glob: "npm:^7.1.6"
    glob-promise: "npm:^4.2.2"
    is-glob: "npm:^4.0.3"
    lodash: "npm:^4.17.21"
    minimist: "npm:^1.2.6"
    mkdirp: "npm:^1.0.4"
    mz: "npm:^2.7.0"
    prettier: "npm:^2.6.2"
  bin:
    json2ts: dist/src/cli.js
  checksum: 10c0/6e335e6790bf4e2ad37fc7405fe158ca29f4254077fae38d96ce35ca2965a655c083d4be5eabd118f7dbeadafc5b4b96c3891f71ffce727743e960d98dfc4185
  languageName: node
  linkType: hard

"json-schema-traverse@npm:^1.0.0":
  version: 1.0.0
  resolution: "json-schema-traverse@npm:1.0.0"
  checksum: 10c0/71e30015d7f3d6dc1c316d6298047c8ef98a06d31ad064919976583eb61e1018a60a0067338f0f79cabc00d84af3fcc489bd48ce8a46ea165d9541ba17fb30c6
  languageName: node
  linkType: hard

"lodash@npm:^4.17.21":
  version: 4.17.21
  resolution: "lodash@npm:4.17.21"
  checksum: 10c0/d8cbea072bb08655bb4c989da418994b073a608dffa608b09ac04b43a791b12aeae7cd7ad919aa4c925f33b48490b5cfe6c1f71d827956071dae2e7bb3a6b74c
  languageName: node
  linkType: hard

"lru-queue@npm:^0.1.0":
  version: 0.1.0
  resolution: "lru-queue@npm:0.1.0"
  dependencies:
    es5-ext: "npm:~0.10.2"
  checksum: 10c0/83517032b46843601c4528be65e8aaf85f5a7860a9cfa3e4f2b5591da436e7cd748d95b450c91434c4ffb75d3ae4c069ddbdd9f71ada56a99a00c03088c51b4d
  languageName: node
  linkType: hard

"memoizee@npm:^0.4.15":
  version: 0.4.15
  resolution: "memoizee@npm:0.4.15"
  dependencies:
    d: "npm:^1.0.1"
    es5-ext: "npm:^0.10.53"
    es6-weak-map: "npm:^2.0.3"
    event-emitter: "npm:^0.3.5"
    is-promise: "npm:^2.2.2"
    lru-queue: "npm:^0.1.0"
    next-tick: "npm:^1.1.0"
    timers-ext: "npm:^0.1.7"
  checksum: 10c0/297e65cd8256bdf24c48f5e158da80d4c9688db0d6e65c5dcc13fa768e782ddeb71aec36925359931b5efef0efc6666b5bb2af6deb3de63d4258a3821ed16fce
  languageName: node
  linkType: hard

"minimatch@npm:^3.1.1":
  version: 3.1.2
  resolution: "minimatch@npm:3.1.2"
  dependencies:
    brace-expansion: "npm:^1.1.7"
  checksum: 10c0/0262810a8fc2e72cca45d6fd86bd349eee435eb95ac6aa45c9ea2180e7ee875ef44c32b55b5973ceabe95ea12682f6e3725cbb63d7a2d1da3ae1163c8b210311
  languageName: node
  linkType: hard

"minimist@npm:^1.2.6":
  version: 1.2.6
  resolution: "minimist@npm:1.2.6"
  checksum: 10c0/d0b566204044481c4401abbd24cc75814e753b37268e7fe7ccc78612bf3e37bf1e45a6c43fb0b119445ea1c413c000bde013f320b7211974f2f49bcbec1d0dbf
  languageName: node
  linkType: hard

"mkdirp@npm:^1.0.4":
  version: 1.0.4
  resolution: "mkdirp@npm:1.0.4"
  bin:
    mkdirp: bin/cmd.js
  checksum: 10c0/46ea0f3ffa8bc6a5bc0c7081ffc3907777f0ed6516888d40a518c5111f8366d97d2678911ad1a6882bf592fa9de6c784fea32e1687bb94e1f4944170af48a5cf
  languageName: node
  linkType: hard

"mz@npm:^2.7.0":
  version: 2.7.0
  resolution: "mz@npm:2.7.0"
  dependencies:
    any-promise: "npm:^1.0.0"
    object-assign: "npm:^4.0.1"
    thenify-all: "npm:^1.0.0"
  checksum: 10c0/103114e93f87362f0b56ab5b2e7245051ad0276b646e3902c98397d18bb8f4a77f2ea4a2c9d3ad516034ea3a56553b60d3f5f78220001ca4c404bd711bd0af39
  languageName: node
  linkType: hard

"next-tick@npm:1, next-tick@npm:^1.1.0":
  version: 1.1.0
  resolution: "next-tick@npm:1.1.0"
  checksum: 10c0/3ba80dd805fcb336b4f52e010992f3e6175869c8d88bf4ff0a81d5d66e6049f89993463b28211613e58a6b7fe93ff5ccbba0da18d4fa574b96289e8f0b577f28
  languageName: node
  linkType: hard

"object-assign@npm:^4.0.1":
  version: 4.1.1
  resolution: "object-assign@npm:4.1.1"
  checksum: 10c0/1f4df9945120325d041ccf7b86f31e8bcc14e73d29171e37a7903050e96b81323784ec59f93f102ec635bcf6fa8034ba3ea0a8c7e69fa202b87ae3b6cec5a414
  languageName: node
  linkType: hard

"once@npm:^1.3.0":
  version: 1.4.0
  resolution: "once@npm:1.4.0"
  dependencies:
    wrappy: "npm:1"
  checksum: 10c0/5d48aca287dfefabd756621c5dfce5c91a549a93e9fdb7b8246bc4c4790aa2ec17b34a260530474635147aeb631a2dcc8b32c613df0675f96041cbb8244517d0
  languageName: node
  linkType: hard

"path-is-absolute@npm:^1.0.0":
  version: 1.0.1
  resolution: "path-is-absolute@npm:1.0.1"
  checksum: 10c0/127da03c82172a2a50099cddbf02510c1791fc2cc5f7713ddb613a56838db1e8168b121a920079d052e0936c23005562059756d653b7c544c53185efe53be078
  languageName: node
  linkType: hard

"prettier@npm:2.7.1, prettier@npm:^2.6.2":
  version: 2.7.1
  resolution: "prettier@npm:2.7.1"
  bin:
    prettier: bin-prettier.js
  checksum: 10c0/359d2b7ecf36bd52924a48331cae506d335f18637fde6c686212f952b9ce678ce9f554a80571049b36ec2897a8a6c40094b776dea371cc5c04c481cf5b78504b
  languageName: node
  linkType: hard

"punycode@npm:^2.1.0":
  version: 2.1.1
  resolution: "punycode@npm:2.1.1"
  checksum: 10c0/83815ca9b9177f055771f31980cbec7ffaef10257d50a95ab99b4a30f0404846e85fa6887ee1bbc0aaddb7bad6d96e2fa150a016051ff0f6b92be4ad613ddca8
  languageName: node
  linkType: hard

"require-from-string@npm:^2.0.2":
  version: 2.0.2
  resolution: "require-from-string@npm:2.0.2"
  checksum: 10c0/aaa267e0c5b022fc5fd4eef49d8285086b15f2a1c54b28240fdf03599cbd9c26049fee3eab894f2e1f6ca65e513b030a7c264201e3f005601e80c49fb2937ce2
  languageName: node
  linkType: hard

"root-workspace-0b6124@workspace:.":
  version: 0.0.0-use.local
  resolution: "root-workspace-0b6124@workspace:."
  dependencies:
    ajv: "npm:8.11.0"
    json-schema-to-typescript: "bcaudan/json-schema-to-typescript#bcaudan/add-readonly-support"
    prettier: "npm:2.7.1"
    typescript: "npm:>=4.5"
  languageName: unknown
  linkType: soft

"rum-events-format@workspace:lib":
  version: 0.0.0-use.local
  resolution: "rum-events-format@workspace:lib"
  languageName: unknown
  linkType: soft

"thenify-all@npm:^1.0.0":
  version: 1.6.0
  resolution: "thenify-all@npm:1.6.0"
  dependencies:
    thenify: "npm:>= 3.1.0 < 4"
  checksum: 10c0/9b896a22735e8122754fe70f1d65f7ee691c1d70b1f116fda04fea103d0f9b356e3676cb789506e3909ae0486a79a476e4914b0f92472c2e093d206aed4b7d6b
  languageName: node
  linkType: hard

"thenify@npm:>= 3.1.0 < 4":
  version: 3.3.1
  resolution: "thenify@npm:3.3.1"
  dependencies:
    any-promise: "npm:^1.0.0"
  checksum: 10c0/f375aeb2b05c100a456a30bc3ed07ef03a39cbdefe02e0403fb714b8c7e57eeaad1a2f5c4ecfb9ce554ce3db9c2b024eba144843cd9e344566d9fcee73b04767
  languageName: node
  linkType: hard

"timers-ext@npm:^0.1.7":
  version: 0.1.7
  resolution: "timers-ext@npm:0.1.7"
  dependencies:
    es5-ext: "npm:~0.10.46"
    next-tick: "npm:1"
  checksum: 10c0/fc43c6a01f52875e57d301ae9ec47b3021c6d9b96de5bc6e4e5fc4a3d2b25ebaab69faf6fe85520efbef0ad784537748f88f7efd7b6b2bf0a177c8bc7a66ca7c
  languageName: node
  linkType: hard

"type@npm:^1.0.1":
  version: 1.2.0
  resolution: "type@npm:1.2.0"
  checksum: 10c0/444660849aaebef8cbb9bc43b28ec2068952064cfce6a646f88db97aaa2e2d6570c5629cd79238b71ba23aa3f75146a0b96e24e198210ee0089715a6f8889bf7
  languageName: node
  linkType: hard

"type@npm:^2.5.0":
  version: 2.6.0
  resolution: "type@npm:2.6.0"
  checksum: 10c0/d08063a1c3415140d0b6fd17ede55f373cdd6c5503776693ad5ead574a06404823374d62d6233e43bc30ec22f596b790cbb8661429bed75a75dab986b506ac60
  languageName: node
  linkType: hard

"typescript@npm:>=4.5":
  version: 4.7.4
  resolution: "typescript@npm:4.7.4"
  bin:
    tsc: bin/tsc
    tsserver: bin/tsserver
  checksum: 10c0/8c1c4007b6ce5b24c49f0e89173ab9e82687cc6ae54418d1140bb63b82d6598d085ac0f993fe3d3d1fbf87a2c76f1f81d394dc76315bc72c7a9f8561c5d8d205
  languageName: node
  linkType: hard

"typescript@patch:typescript@npm%3A>=4.5#optional!builtin<compat/typescript>":
  version: 4.7.4
  resolution: "typescript@patch:typescript@npm%3A4.7.4#optional!builtin<compat/typescript>::version=4.7.4&hash=65a307"
  bin:
    tsc: bin/tsc
    tsserver: bin/tsserver
  checksum: 10c0/2eb6e31b04fabec84a4d07b5d567deb5ef0a2971d89d9adb16895f148f7d8508adfb12074abc2efc6966805d3664e68ab67925060e5b0ebd8da616db4b151906
  languageName: node
  linkType: hard

"uri-js@npm:^4.2.2":
  version: 4.4.1
  resolution: "uri-js@npm:4.4.1"
  dependencies:
    punycode: "npm:^2.1.0"
  checksum: 10c0/4ef57b45aa820d7ac6496e9208559986c665e49447cb072744c13b66925a362d96dd5a46c4530a6b8e203e5db5fe849369444440cb22ecfc26c679359e5dfa3c
  languageName: node
  linkType: hard

"wrappy@npm:1":
  version: 1.0.2
  resolution: "wrappy@npm:1.0.2"
  checksum: 10c0/56fece1a4018c6a6c8e28fbc88c87e0fbf4ea8fd64fc6c63b18f4acc4bd13e0ad2515189786dd2c30d3eec9663d70f4ecf699330002f8ccb547e4a18231fc9f0
  languageName: node
  linkType: hard
